
Microsoft Visual Studio Solution File, Format Version 12.00
# Visual Studio Version 16
VisualStudioVersion = 16.0.29709.97
MinimumVisualStudioVersion = 10.0.40219.1
Project("{FAE04EC0-301F-11D3-BF4B-00C04F79EFBC}") = "Equipamento", "Equipamento.csproj", "{85AE9D9A-B234-4D07-B117-1872142D7A90}"
EndProject
Global
	GlobalSection(SolutionConfigurationPlatforms) = preSolution
		Debug|Any CPU = Debug|Any CPU
		Release|Any CPU = Release|Any CPU
	EndGlobalSection
	GlobalSection(ProjectConfigurationPlatforms) = postSolution
		{85AE9D9A-B234-4D07-B117-1872142D7A90}.Debug|Any CPU.ActiveCfg = Debug|Any CPU
		{85AE9D9A-B234-4D07-B117-1872142D7A90}.Debug|Any CPU.Build.0 = Debug|Any CPU
		{85AE9D9A-B234-4D07-B117-1872142D7A90}.Release|Any CPU.ActiveCfg = Release|Any CPU
		{85AE9D9A-B234-4D07-B117-1872142D7A90}.Release|Any CPU.Build.0 = Release|Any CPU
	EndGlobalSection
	GlobalSection(SolutionProperties) = preSolution
		HideSolutionNode = FALSE
	EndGlobalSection
	GlobalSection(ExtensibilityGlobals) = postSolution
		SolutionGuid = {6F6177BD-C304-4265-A65D-CFC9E568A61E}
	EndGlobalSection
EndGlobal
